
Microsoft Visual Studio Solution File, Format Version 12.00
# Visual Studio Version 16
VisualStudioVersion = 16.0.32413.511
MinimumVisualStudioVersion = 10.0.40219.1
Project("{FAE04EC0-301F-11D3-BF4B-00C04F79EFBC}") = "ConsoleTestMock", "ConsoleTestMock\ConsoleTestMock.csproj", "{24FB33A3-E3AF-4A4F-9CAD-1741AC90E79F}"
EndProject
Project("{2150E333-8FDC-42A3-9474-1A3956D46DE8}") = "Solution Items", "Solution Items", "{ADA382B9-4FE9-4FF9-A425-81D694B63F77}"
EndProject
Global
	GlobalSection(SolutionConfigurationPlatforms) = preSolution
		Debug|Any CPU = Debug|Any CPU
		Release|Any CPU = Release|Any CPU
	EndGlobalSection
	GlobalSection(ProjectConfigurationPlatforms) = postSolution
		{24FB33A3-E3AF-4A4F-9CAD-1741AC90E79F}.Debug|Any CPU.ActiveCfg = Debug|Any CPU
		{24FB33A3-E3AF-4A4F-9CAD-1741AC90E79F}.Debug|Any CPU.Build.0 = Debug|Any CPU
		{24FB33A3-E3AF-4A4F-9CAD-1741AC90E79F}.Release|Any CPU.ActiveCfg = Release|Any CPU
		{24FB33A3-E3AF-4A4F-9CAD-1741AC90E79F}.Release|Any CPU.Build.0 = Release|Any CPU
	EndGlobalSection
	GlobalSection(SolutionProperties) = preSolution
		HideSolutionNode = FALSE
	EndGlobalSection
	GlobalSection(ExtensibilityGlobals) = postSolution
		SolutionGuid = {C09A002B-7208-436B-B763-69D8A789ADC4}
	EndGlobalSection
EndGlobal
